# THIS IS AN AUTOGENERATED FILE. DO NOT EDIT THIS FILE DIRECTLY.
# yarn lockfile v1


requestidlecallback-polyfill@^1.0.2:
  version "1.0.2"
  resolved "https://registry.yarnpkg.com/requestidlecallback-polyfill/-/requestidlecallback-polyfill-1.0.2.tgz#02eefae286ff86ef04232087dba19f005308b18e"
  integrity sha512-zzkRzvMe7UdV0M7AIU70vl2fh4rFnNYDL8U0ISwWiOX/5MowBV1ESYCWSQP/KsgJNUOC/AS6X3DApOmxoyE6MA==
